{
  "name": "jx-kpi",
  "version": "1.0.0",
  "lockfileVersion": 3,
  "requires": true,
  "packages": {
    "": {
      "name": "jx-kpi",
      "version": "1.0.0",
      "dependencies": {
        "@types/google-apps-script": "^1.0.57"
      },
      "devDependencies": {
        "@types/node": "^20.11.24"
      }
    },
    "node_modules/@types/google-apps-script": {
      "version": "1.0.97",
      "resolved": "https://registry.npmjs.org/@types/google-apps-script/-/google-apps-script-1.0.97.tgz",
      "integrity": "sha512-T8hpQ4Yi7AUvd4fnzHfmo0joGG0j1GUC8TywvRtnKgTAv0vU/DXy4nNgw4VfcOD9ZDdJc0rGoZvWhHORipzFNQ==",
      "license": "MIT"
    },
    "node_modules/@types/node": {
      "version": "20.17.32",
      "resolved": "https://registry.npmjs.org/@types/node/-/node-20.17.32.tgz",
      "integrity": "sha512-zeMXFn8zQ+UkjK4ws0RiOC9EWByyW1CcVmLe+2rQocXRsGEDxUCwPEIVgpsGcLHS/P8JkT0oa3839BRABS0oPw==",
      "dev": true,
      "license": "MIT",
      "dependencies": {
        "undici-types": "~6.19.2"
      }
    },
    "node_modules/undici-types": {
      "version": "6.19.8",
      "resolved": "https://registry.npmjs.org/undici-types/-/undici-types-6.19.8.tgz",
      "integrity": "sha512-ve2KP6f/JnbPBFyobGHuerC9g1FYGn/F8n1LWTwNxCEzd6IfqTwUQcNXgEtmmQ6DlRrC1hrSrBnCZPokRrDHjw==",
      "dev": true,
      "license": "MIT"
    }
  }
}
